
Microsoft Visual Studio Solution File, Format Version 12.00
# Visual Studio Version 16
VisualStudioVersion = 16.0.29806.167
MinimumVisualStudioVersion = 10.0.40219.1
Project("{8BC9CEB8-8B4A-11D0-8D11-00A0C91BC942}") = "lab_2_2", "lab_2_2\lab_2_2.vcxproj", "{EBA11823-194E-4A7E-8A72-5C02EA3EF71B}"
EndProject
Global
	GlobalSection(SolutionConfigurationPlatforms) = preSolution
		Debug|x64 = Debug|x64
		Debug|x86 = Debug|x86
		Release|x64 = Release|x64
		Release|x86 = Release|x86
	EndGlobalSection
	GlobalSection(ProjectConfigurationPlatforms) = postSolution
		{EBA11823-194E-4A7E-8A72-5C02EA3EF71B}.Debug|x64.ActiveCfg = Debug|x64
		{EBA11823-194E-4A7E-8A72-5C02EA3EF71B}.Debug|x64.Build.0 = Debug|x64
		{EBA11823-194E-4A7E-8A72-5C02EA3EF71B}.Debug|x86.ActiveCfg = Debug|Win32
		{EBA11823-194E-4A7E-8A72-5C02EA3EF71B}.Debug|x86.Build.0 = Debug|Win32
		{EBA11823-194E-4A7E-8A72-5C02EA3EF71B}.Release|x64.ActiveCfg = Release|x64
		{EBA11823-194E-4A7E-8A72-5C02EA3EF71B}.Release|x64.Build.0 = Release|x64
		{EBA11823-194E-4A7E-8A72-5C02EA3EF71B}.Release|x86.ActiveCfg = Release|Win32
		{EBA11823-194E-4A7E-8A72-5C02EA3EF71B}.Release|x86.Build.0 = Release|Win32
	EndGlobalSection
	GlobalSection(SolutionProperties) = preSolution
		HideSolutionNode = FALSE
	EndGlobalSection
	GlobalSection(ExtensibilityGlobals) = postSolution
		SolutionGuid = {8CCD8D9D-432D-4A1E-B18E-90E5AE095A22}
	EndGlobalSection
EndGlobal
